
Microsoft Visual Studio Solution File, Format Version 12.00
# Visual Studio 14
VisualStudioVersion = 14.0.25420.1
MinimumVisualStudioVersion = 10.0.40219.1
Project("{FAE04EC0-301F-11D3-BF4B-00C04F79EFBC}") = "CapaDeNegocios", "CapaDeNegocios\CapaDeNegocios.csproj", "{87FDA639-1F04-4224-ACFC-1CC205BE4ED8}"
EndProject
Project("{FAE04EC0-301F-11D3-BF4B-00C04F79EFBC}") = "CapaUsuario", "CapaUsuario\CapaUsuario.csproj", "{FB72B70B-FFAB-499D-835F-F7EA97B0A615}"
EndProject
Project("{FAE04EC0-301F-11D3-BF4B-00C04F79EFBC}") = "CapaDatos", "CapaDatos\CapaDatos.csproj", "{63B96A0E-BCC5-4B29-9E2A-9AAD5F6C6E93}"
EndProject
Project("{FAE04EC0-301F-11D3-BF4B-00C04F79EFBC}") = "Monitoreo", "Monitoreo\Monitoreo.csproj", "{6F7447F5-C632-465A-8D78-C97FDCA76D02}"
EndProject
Project("{54435603-DBB4-11D2-8724-00A0C9A8B90C}") = "SistemaControlGestantes", "SistemaControlGestantes\SistemaControlGestantes.vdproj", "{6FC68D8B-14E9-4BA7-91AD-9245422B71C7}"
EndProject
Project("{54435603-DBB4-11D2-8724-00A0C9A8B90C}") = "SistemaMonitoreoGestantes", "SistemaMonitoreoGestantes\SistemaMonitoreoGestantes.vdproj", "{A080C040-0E90-41F0-84F9-1B8238CF43E4}"
EndProject
Project("{FAE04EC0-301F-11D3-BF4B-00C04F79EFBC}") = "CapaGrafica", "CapaGrafica\CapaGrafica.csproj", "{985F9624-2819-4015-8396-FB538C8EFB7D}"
EndProject
Project("{FAE04EC0-301F-11D3-BF4B-00C04F79EFBC}") = "Alertas", "Alertas\Alertas.csproj", "{705EF91E-502F-404C-AC61-572D436BB80A}"
EndProject
Project("{FAE04EC0-301F-11D3-BF4B-00C04F79EFBC}") = "DatosIniciales", "DatosIniciales\DatosIniciales.csproj", "{6F203479-B897-452E-85D8-154A04B839B0}"
EndProject
Global
	GlobalSection(SolutionConfigurationPlatforms) = preSolution
		Debug|Any CPU = Debug|Any CPU
		Release|Any CPU = Release|Any CPU
	EndGlobalSection
	GlobalSection(ProjectConfigurationPlatforms) = postSolution
		{87FDA639-1F04-4224-ACFC-1CC205BE4ED8}.Debug|Any CPU.ActiveCfg = Debug|Any CPU
		{87FDA639-1F04-4224-ACFC-1CC205BE4ED8}.Debug|Any CPU.Build.0 = Debug|Any CPU
		{87FDA639-1F04-4224-ACFC-1CC205BE4ED8}.Release|Any CPU.ActiveCfg = Release|Any CPU
		{87FDA639-1F04-4224-ACFC-1CC205BE4ED8}.Release|Any CPU.Build.0 = Release|Any CPU
		{FB72B70B-FFAB-499D-835F-F7EA97B0A615}.Debug|Any CPU.ActiveCfg = Debug|Any CPU
		{FB72B70B-FFAB-499D-835F-F7EA97B0A615}.Debug|Any CPU.Build.0 = Debug|Any CPU
		{FB72B70B-FFAB-499D-835F-F7EA97B0A615}.Release|Any CPU.ActiveCfg = Release|Any CPU
		{FB72B70B-FFAB-499D-835F-F7EA97B0A615}.Release|Any CPU.Build.0 = Release|Any CPU
		{63B96A0E-BCC5-4B29-9E2A-9AAD5F6C6E93}.Debug|Any CPU.ActiveCfg = Debug|Any CPU
		{63B96A0E-BCC5-4B29-9E2A-9AAD5F6C6E93}.Debug|Any CPU.Build.0 = Debug|Any CPU
		{63B96A0E-BCC5-4B29-9E2A-9AAD5F6C6E93}.Release|Any CPU.ActiveCfg = Release|Any CPU
		{63B96A0E-BCC5-4B29-9E2A-9AAD5F6C6E93}.Release|Any CPU.Build.0 = Release|Any CPU
		{6F7447F5-C632-465A-8D78-C97FDCA76D02}.Debug|Any CPU.ActiveCfg = Debug|Any CPU
		{6F7447F5-C632-465A-8D78-C97FDCA76D02}.Debug|Any CPU.Build.0 = Debug|Any CPU
		{6F7447F5-C632-465A-8D78-C97FDCA76D02}.Release|Any CPU.ActiveCfg = Release|Any CPU
		{6F7447F5-C632-465A-8D78-C97FDCA76D02}.Release|Any CPU.Build.0 = Release|Any CPU
		{6FC68D8B-14E9-4BA7-91AD-9245422B71C7}.Debug|Any CPU.ActiveCfg = Debug
		{6FC68D8B-14E9-4BA7-91AD-9245422B71C7}.Release|Any CPU.ActiveCfg = Release
		{A080C040-0E90-41F0-84F9-1B8238CF43E4}.Debug|Any CPU.ActiveCfg = Debug
		{A080C040-0E90-41F0-84F9-1B8238CF43E4}.Release|Any CPU.ActiveCfg = Release
		{985F9624-2819-4015-8396-FB538C8EFB7D}.Debug|Any CPU.ActiveCfg = Debug|Any CPU
		{985F9624-2819-4015-8396-FB538C8EFB7D}.Debug|Any CPU.Build.0 = Debug|Any CPU
		{985F9624-2819-4015-8396-FB538C8EFB7D}.Release|Any CPU.ActiveCfg = Release|Any CPU
		{985F9624-2819-4015-8396-FB538C8EFB7D}.Release|Any CPU.Build.0 = Release|Any CPU
		{705EF91E-502F-404C-AC61-572D436BB80A}.Debug|Any CPU.ActiveCfg = Debug|Any CPU
		{705EF91E-502F-404C-AC61-572D436BB80A}.Debug|Any CPU.Build.0 = Debug|Any CPU
		{705EF91E-502F-404C-AC61-572D436BB80A}.Release|Any CPU.ActiveCfg = Release|Any CPU
		{705EF91E-502F-404C-AC61-572D436BB80A}.Release|Any CPU.Build.0 = Release|Any CPU
		{6F203479-B897-452E-85D8-154A04B839B0}.Debug|Any CPU.ActiveCfg = Debug|Any CPU
		{6F203479-B897-452E-85D8-154A04B839B0}.Debug|Any CPU.Build.0 = Debug|Any CPU
		{6F203479-B897-452E-85D8-154A04B839B0}.Release|Any CPU.ActiveCfg = Release|Any CPU
		{6F203479-B897-452E-85D8-154A04B839B0}.Release|Any CPU.Build.0 = Release|Any CPU
	EndGlobalSection
	GlobalSection(SolutionProperties) = preSolution
		HideSolutionNode = FALSE
	EndGlobalSection
EndGlobal
