
Microsoft Visual Studio Solution File, Format Version 12.00
# Visual Studio 14
VisualStudioVersion = 14.0.25123.0
MinimumVisualStudioVersion = 10.0.40219.1
Project("{FAE04EC0-301F-11D3-BF4B-00C04F79EFBC}") = "CapaDatos", "CapaDatos\CapaDatos.csproj", "{63B96A0E-BCC5-4B29-9E2A-9AAD5F6C6E93}"
EndProject
Project("{FAE04EC0-301F-11D3-BF4B-00C04F79EFBC}") = "CapaDeNegocios", "CapaDeNegocios\CapaDeNegocios.csproj", "{87FDA639-1F04-4224-ACFC-1CC205BE4ED8}"
EndProject
Global
	GlobalSection(SolutionConfigurationPlatforms) = preSolution
		Debug|Any CPU = Debug|Any CPU
		Release|Any CPU = Release|Any CPU
	EndGlobalSection
	GlobalSection(ProjectConfigurationPlatforms) = postSolution
		{63B96A0E-BCC5-4B29-9E2A-9AAD5F6C6E93}.Debug|Any CPU.ActiveCfg = Debug|Any CPU
		{63B96A0E-BCC5-4B29-9E2A-9AAD5F6C6E93}.Debug|Any CPU.Build.0 = Debug|Any CPU
		{63B96A0E-BCC5-4B29-9E2A-9AAD5F6C6E93}.Release|Any CPU.ActiveCfg = Release|Any CPU
		{63B96A0E-BCC5-4B29-9E2A-9AAD5F6C6E93}.Release|Any CPU.Build.0 = Release|Any CPU
		{87FDA639-1F04-4224-ACFC-1CC205BE4ED8}.Debug|Any CPU.ActiveCfg = Debug|Any CPU
		{87FDA639-1F04-4224-ACFC-1CC205BE4ED8}.Debug|Any CPU.Build.0 = Debug|Any CPU
		{87FDA639-1F04-4224-ACFC-1CC205BE4ED8}.Release|Any CPU.ActiveCfg = Release|Any CPU
		{87FDA639-1F04-4224-ACFC-1CC205BE4ED8}.Release|Any CPU.Build.0 = Release|Any CPU
	EndGlobalSection
	GlobalSection(SolutionProperties) = preSolution
		HideSolutionNode = FALSE
	EndGlobalSection
EndGlobal
